// !$*UTF8*$!
{
	archiveVersion = 1;
	classes = {
	};
	objectVersion = 50;
	objects = {

/* Begin PBXBuildFile section */
		82CD40C9254A5C6E001A0B54 /* AppDelegate.swift in Sources */ = {isa = PBXBuildFile; fileRef = 82CD40C8254A5C6E001A0B54 /* AppDelegate.swift */; };
		82CD40CB254A5C6E001A0B54 /* SceneDelegate.swift in Sources */ = {isa = PBXBuildFile; fileRef = 82CD40CA254A5C6E001A0B54 /* SceneDelegate.swift */; };
		82CD40CD254A5C6E001A0B54 /* ViewController.swift in Sources */ = {isa = PBXBuildFile; fileRef = 82CD40CC254A5C6E001A0B54 /* ViewController.swift */; };
		82CD40D0254A5C6E001A0B54 /* Main.storyboard in Resources */ = {isa = PBXBuildFile; fileRef = 82CD40CE254A5C6E001A0B54 /* Main.storyboard */; };
		82CD40D2254A5C70001A0B54 /* Assets.xcassets in Resources */ = {isa = PBXBuildFile; fileRef = 82CD40D1254A5C70001A0B54 /* Assets.xcassets */; };
		82CD40D5254A5C70001A0B54 /* LaunchScreen.storyboard in Resources */ = {isa = PBXBuildFile; fileRef = 82CD40D3254A5C70001A0B54 /* LaunchScreen.storyboard */; };
/* End PBXBuildFile section */

/* Begin PBXFileReference section */
		82CD40C5254A5C6E001A0B54 /* Frases do Dia.app */ = {isa = PBXFileReference; explicitFileType = wrapper.application; includeInIndex = 0; path = "Frases do Dia.app"; sourceTree = BUILT_PRODUCTS_DIR; };
		82CD40C8254A5C6E001A0B54 /* AppDelegate.swift */ = {isa = PBXFileReference; lastKnownFileType = sourcecode.swift; path = AppDelegate.swift; sourceTree = "<group>"; };
		82CD40CA254A5C6E001A0B54 /* SceneDelegate.swift */ = {isa = PBXFileReference; lastKnownFileType = sourcecode.swift; path = SceneDelegate.swift; sourceTree = "<group>"; };
		82CD40CC254A5C6E001A0B54 /* ViewController.swift */ = {isa = PBXFileReference; lastKnownFileType = sourcecode.swift; path = ViewController.swift; sourceTree = "<group>"; };
		82CD40CF254A5C6E001A0B54 /* Base */ = {isa = PBXFileReference; lastKnownFileType = file.storyboard; name = Base; path = Base.lproj/Main.storyboard; sourceTree = "<group>"; };
		82CD40D1254A5C70001A0B54 /* Assets.xcassets */ = {isa = PBXFileReference; lastKnownFileType = folder.assetcatalog; path = Assets.xcassets; sourceTree = "<group>"; };
		82CD40D4254A5C70001A0B54 /* Base */ = {isa = PBXFileReference; lastKnownFileType = file.storyboard; name = Base; path = Base.lproj/LaunchScreen.storyboard; sourceTree = "<group>"; };
		82CD40D6254A5C70001A0B54 /* Info.plist */ = {isa = PBXFileReference; lastKnownFileType = text.plist.xml; path = Info.plist; sourceTree = "<group>"; };
/* End PBXFileReference section */

/* Begin PBXFrameworksBuildPhase section */
		82CD40C2254A5C6E001A0B54 /* Frameworks */ = {
			isa = PBXFrameworksBuildPhase;
			buildActionMask = 2147483647;
			files = (
			);
			runOnlyForDeploymentPostprocessing = 0;
		};
/* End PBXFrameworksBuildPhase section */

/* Begin PBXGroup section */
		82CD40BC254A5C6E001A0B54 = {
			isa = PBXGroup;
			children = (
				82CD40C7254A5C6E001A0B54 /* Frases do Dia */,
				82CD40C6254A5C6E001A0B54 /* Products */,
			);
			sourceTree = "<group>";
		};
		82CD40C6254A5C6E001A0B54 /* Products */ = {
			isa = PBXGroup;
			children = (
				82CD40C5254A5C6E001A0B54 /* Frases do Dia.app */,
			);
			name = Products;
			sourceTree = "<group>";
		};
		82CD40C7254A5C6E001A0B54 /* Frases do Dia */ = {
			isa = PBXGroup;
			children = (
				82CD40C8254A5C6E001A0B54 /* AppDelegate.swift */,
				82CD40CA254A5C6E001A0B54 /* SceneDelegate.swift */,
				82CD40CC254A5C6E001A0B54 /* ViewController.swift */,
				82CD40CE254A5C6E001A0B54 /* Main.storyboard */,
				82CD40D1254A5C70001A0B54 /* Assets.xcassets */,
				82CD40D3254A5C70001A0B54 /* LaunchScreen.storyboard */,
				82CD40D6254A5C70001A0B54 /* Info.plist */,
			);
			path = "Frases do Dia";
			sourceTree = "<group>";
		};
/* End PBXGroup section */

/* Begin PBXNativeTarget section */
		82CD40C4254A5C6E001A0B54 /* Frases do Dia */ = {
			isa = PBXNativeTarget;
			buildConfigurationList = 82CD40D9254A5C70001A0B54 /* Build configuration list for PBXNativeTarget "Frases do Dia" */;
			buildPhases = (
				82CD40C1254A5C6E001A0B54 /* Sources */,
				82CD40C2254A5C6E001A0B54 /* Frameworks */,
				82CD40C3254A5C6E001A0B54 /* Resources */,
			);
			buildRules = (
			);
			dependencies = (
			);
			name = "Frases do Dia";
			productName = "Frases do Dia";
			productReference = 82CD40C5254A5C6E001A0B54 /* Frases do Dia.app */;
			productType = "com.apple.product-type.application";
		};
/* End PBXNativeTarget section */

/* Begin PBXProject section */
		82CD40BD254A5C6E001A0B54 /* Project object */ = {
			isa = PBXProject;
			attributes = {
				LastSwiftUpdateCheck = 1110;
				LastUpgradeCheck = 1110;
				ORGANIZATIONNAME = "Thiago Rosa Ataide";
				TargetAttributes = {
					82CD40C4254A5C6E001A0B54 = {
						CreatedOnToolsVersion = 11.1;
					};
				};
			};
			buildConfigurationList = 82CD40C0254A5C6E001A0B54 /* Build configuration list for PBXProject "Frases do Dia" */;
			compatibilityVersion = "Xcode 9.3";
			developmentRegion = en;
			hasScannedForEncodings = 0;
			knownRegions = (
				en,
				Base,
			);
			mainGroup = 82CD40BC254A5C6E001A0B54;
			productRefGroup = 82CD40C6254A5C6E001A0B54 /* Products */;
			projectDirPath = "";
			projectRoot = "";
			targets = (
				82CD40C4254A5C6E001A0B54 /* Frases do Dia */,
			);
		};
/* End PBXProject section */

/* Begin PBXResourcesBuildPhase section */
		82CD40C3254A5C6E001A0B54 /* Resources */ = {
			isa = PBXResourcesBuildPhase;
			buildActionMask = 2147483647;
			files = (
				82CD40D5254A5C70001A0B54 /* LaunchScreen.storyboard in Resources */,
				82CD40D2254A5C70001A0B54 /* Assets.xcassets in Resources */,
				82CD40D0254A5C6E001A0B54 /* Main.storyboard in Resources */,
			);
			runOnlyForDeploymentPostprocessing = 0;
		};
/* End PBXResourcesBuildPhase section */

/* Begin PBXSourcesBuildPhase section */
		82CD40C1254A5C6E001A0B54 /* Sources */ = {
			isa = PBXSourcesBuildPhase;
			buildActionMask = 2147483647;
			files = (
				82CD40CD254A5C6E001A0B54 /* ViewController.swift in Sources */,
				82CD40C9254A5C6E001A0B54 /* AppDelegate.swift in Sources */,
				82CD40CB254A5C6E001A0B54 /* SceneDelegate.swift in Sources */,
			);
			runOnlyForDeploymentPostprocessing = 0;
		};
/* End PBXSourcesBuildPhase section */

/* Begin PBXVariantGroup section */
		82CD40CE254A5C6E001A0B54 /* Main.storyboard */ = {
			isa = PBXVariantGroup;
			children = (
				82CD40CF254A5C6E001A0B54 /* Base */,
			);
			name = Main.storyboard;
			sourceTree = "<group>";
		};
		82CD40D3254A5C70001A0B54 /* LaunchScreen.storyboard */ = {
			isa = PBXVariantGroup;
			children = (
				82CD40D4254A5C70001A0B54 /* Base */,
			);
			name = LaunchScreen.storyboard;
			sourceTree = "<group>";
		};
/* End PBXVariantGroup section */

/* Begin XCBuildConfiguration section */
		82CD40D7254A5C70001A0B54 /* Debug */ = {
			isa = XCBuildConfiguration;
			buildSettings = {
				ALWAYS_SEARCH_USER_PATHS = NO;
				CLANG_ANALYZER_NONNULL = YES;
				CLANG_ANALYZER_NUMBER_OBJECT_CONVERSION = YES_AGGRESSIVE;
				CLANG_CXX_LANGUAGE_STANDARD = "gnu++14";
				CLANG_CXX_LIBRARY = "libc++";
				CLANG_ENABLE_MODULES = YES;
				CLANG_ENABLE_OBJC_ARC = YES;
				CLANG_ENABLE_OBJC_WEAK = YES;
				CLANG_WARN_BLOCK_CAPTURE_AUTORELEASING = YES;
				CLANG_WARN_BOOL_CONVERSION = YES;
				CLANG_WARN_COMMA = YES;
				CLANG_WARN_CONSTANT_CONVERSION = YES;
				CLANG_WARN_DEPRECATED_OBJC_IMPLEMENTATIONS = YES;
				CLANG_WARN_DIRECT_OBJC_ISA_USAGE = YES_ERROR;
				CLANG_WARN_DOCUMENTATION_COMMENTS = YES;
				CLANG_WARN_EMPTY_BODY = YES;
				CLANG_WARN_ENUM_CONVERSION = YES;
				CLANG_WARN_INFINITE_RECURSION = YES;
				CLANG_WARN_INT_CONVERSION = YES;
				CLANG_WARN_NON_LITERAL_NULL_CONVERSION = YES;
				CLANG_WARN_OBJC_IMPLICIT_RETAIN_SELF = YES;
				CLANG_WARN_OBJC_LITERAL_CONVERSION = YES;
				CLANG_WARN_OBJC_ROOT_CLASS = YES_ERROR;
				CLANG_WARN_RANGE_LOOP_ANALYSIS = YES;
				CLANG_WARN_STRICT_PROTOTYPES = YES;
				CLANG_WARN_SUSPICIOUS_MOVE = YES;
				CLANG_WARN_UNGUARDED_AVAILABILITY = YES_AGGRESSIVE;
				CLANG_WARN_UNREACHABLE_CODE = YES;
				CLANG_WARN__DUPLICATE_METHOD_MATCH = YES;
				COPY_PHASE_STRIP = NO;
				DEBUG_INFORMATION_FORMAT = dwarf;
				ENABLE_STRICT_OBJC_MSGSEND = YES;
				ENABLE_TESTABILITY = YES;
				GCC_C_LANGUAGE_STANDARD = gnu11;
				GCC_DYNAMIC_NO_PIC = NO;
				GCC_NO_COMMON_BLOCKS = YES;
				GCC_OPTIMIZATION_LEVEL = 0;
				GCC_PREPROCESSOR_DEFINITIONS = (
					"DEBUG=1",
					"$(inherited)",
				);
				GCC_WARN_64_TO_32_BIT_CONVERSION = YES;
				GCC_WARN_ABOUT_RETURN_TYPE = YES_ERROR;
				GCC_WARN_UNDECLARED_SELECTOR = YES;
				GCC_WARN_UNINITIALIZED_AUTOS = YES_AGGRESSIVE;
				GCC_WARN_UNUSED_FUNCTION = YES;
				GCC_WARN_UNUSED_VARIABLE = YES;
				IPHONEOS_DEPLOYMENT_TARGET = 13.1;
				MTL_ENABLE_DEBUG_INFO = INCLUDE_SOURCE;
				MTL_FAST_MATH = YES;
				ONLY_ACTIVE_ARCH = YES;
				SDKROOT = iphoneos;
				SWIFT_ACTIVE_COMPILATION_CONDITIONS = DEBUG;
				SWIFT_OPTIMIZATION_LEVEL = "-Onone";
			};
			name = Debug;
		};
		82CD40D8254A5C70001A0B54 /* Release */ = {
			isa = XCBuildConfiguration;
			buildSettings = {
				ALWAYS_SEARCH_USER_PATHS = NO;
				CLANG_ANALYZER_NONNULL = YES;
				CLANG_ANALYZER_NUMBER_OBJECT_CONVERSION = YES_AGGRESSIVE;
				CLANG_CXX_LANGUAGE_STANDARD = "gnu++14";
				CLANG_CXX_LIBRARY = "libc++";
				CLANG_ENABLE_MODULES = YES;
				CLANG_ENABLE_OBJC_ARC = YES;
				CLANG_ENABLE_OBJC_WEAK = YES;
				CLANG_WARN_BLOCK_CAPTURE_AUTORELEASING = YES;
				CLANG_WARN_BOOL_CONVERSION = YES;
				CLANG_WARN_COMMA = YES;
				CLANG_WARN_CONSTANT_CONVERSION = YES;
				CLANG_WARN_DEPRECATED_OBJC_IMPLEMENTATIONS = YES;
				CLANG_WARN_DIRECT_OBJC_ISA_USAGE = YES_ERROR;
				CLANG_WARN_DOCUMENTATION_COMMENTS = YES;
				CLANG_WARN_EMPTY_BODY = YES;
				CLANG_WARN_ENUM_CONVERSION = YES;
				CLANG_WARN_INFINITE_RECURSION = YES;
				CLANG_WARN_INT_CONVERSION = YES;
				CLANG_WARN_NON_LITERAL_NULL_CONVERSION = YES;
				CLANG_WARN_OBJC_IMPLICIT_RETAIN_SELF = YES;
				CLANG_WARN_OBJC_LITERAL_CONVERSION = YES;
				CLANG_WARN_OBJC_ROOT_CLASS = YES_ERROR;
				CLANG_WARN_RANGE_LOOP_ANALYSIS = YES;
				CLANG_WARN_STRICT_PROTOTYPES = YES;
				CLANG_WARN_SUSPICIOUS_MOVE = YES;
				CLANG_WARN_UNGUARDED_AVAILABILITY = YES_AGGRESSIVE;
				CLANG_WARN_UNREACHABLE_CODE = YES;
				CLANG_WARN__DUPLICATE_METHOD_MATCH = YES;
				COPY_PHASE_STRIP = NO;
				DEBUG_INFORMATION_FORMAT = "dwarf-with-dsym";
				ENABLE_NS_ASSERTIONS = NO;
				ENABLE_STRICT_OBJC_MSGSEND = YES;
				GCC_C_LANGUAGE_STANDARD = gnu11;
				GCC_NO_COMMON_BLOCKS = YES;
				GCC_WARN_64_TO_32_BIT_CONVERSION = YES;
				GCC_WARN_ABOUT_RETURN_TYPE = YES_ERROR;
				GCC_WARN_UNDECLARED_SELECTOR = YES;
				GCC_WARN_UNINITIALIZED_AUTOS = YES_AGGRESSIVE;
				GCC_WARN_UNUSED_FUNCTION = YES;
				GCC_WARN_UNUSED_VARIABLE = YES;
				IPHONEOS_DEPLOYMENT_TARGET = 13.1;
				MTL_ENABLE_DEBUG_INFO = NO;
				MTL_FAST_MATH = YES;
				SDKROOT = iphoneos;
				SWIFT_COMPILATION_MODE = wholemodule;
				SWIFT_OPTIMIZATION_LEVEL = "-O";
				VALIDATE_PRODUCT = YES;
			};
			name = Release;
		};
		82CD40DA254A5C70001A0B54 /* Debug */ = {
			isa = XCBuildConfiguration;
			buildSettings = {
				ASSETCATALOG_COMPILER_APPICON_NAME = AppIcon;
				CODE_SIGN_STYLE = Automatic;
				DEVELOPMENT_TEAM = YVSXQU8DSY;
				INFOPLIST_FILE = "Frases do Dia/Info.plist";
				LD_RUNPATH_SEARCH_PATHS = (
					"$(inherited)",
					"@executable_path/Frameworks",
				);
				PRODUCT_BUNDLE_IDENTIFIER = "TRConsultoria.Frases-do-Dia";
				PRODUCT_NAME = "$(TARGET_NAME)";
				SWIFT_VERSION = 5.0;
				TARGETED_DEVICE_FAMILY = "1,2";
			};
			name = Debug;
		};
		82CD40DB254A5C70001A0B54 /* Release */ = {
			isa = XCBuildConfiguration;
			buildSettings = {
				ASSETCATALOG_COMPILER_APPICON_NAME = AppIcon;
				CODE_SIGN_STYLE = Automatic;
				DEVELOPMENT_TEAM = YVSXQU8DSY;
				INFOPLIST_FILE = "Frases do Dia/Info.plist";
				LD_RUNPATH_SEARCH_PATHS = (
					"$(inherited)",
					"@executable_path/Frameworks",
				);
				PRODUCT_BUNDLE_IDENTIFIER = "TRConsultoria.Frases-do-Dia";
				PRODUCT_NAME = "$(TARGET_NAME)";
				SWIFT_VERSION = 5.0;
				TARGETED_DEVICE_FAMILY = "1,2";
			};
			name = Release;
		};
/* End XCBuildConfiguration section */

/* Begin XCConfigurationList section */
		82CD40C0254A5C6E001A0B54 /* Build configuration list for PBXProject "Frases do Dia" */ = {
			isa = XCConfigurationList;
			buildConfigurations = (
				82CD40D7254A5C70001A0B54 /* Debug */,
				82CD40D8254A5C70001A0B54 /* Release */,
			);
			defaultConfigurationIsVisible = 0;
			defaultConfigurationName = Release;
		};
		82CD40D9254A5C70001A0B54 /* Build configuration list for PBXNativeTarget "Frases do Dia" */ = {
			isa = XCConfigurationList;
			buildConfigurations = (
				82CD40DA254A5C70001A0B54 /* Debug */,
				82CD40DB254A5C70001A0B54 /* Release */,
			);
			defaultConfigurationIsVisible = 0;
			defaultConfigurationName = Release;
		};
/* End XCConfigurationList section */
	};
	rootObject = 82CD40BD254A5C6E001A0B54 /* Project object */;
}
